// !$*UTF8*$!
{
	archiveVersion = 1;
	classes = {
	};
	objectVersion = 48;
	objects = {

/* Begin PBXBuildFile section */
		D6EB867D211302F1007FAFB8 /* AppDelegate.m in Sources */ = {isa = PBXBuildFile; fileRef = D6EB867C211302F1007FAFB8 /* AppDelegate.m */; };
		D6EB8680211302F1007FAFB8 /* ViewController.m in Sources */ = {isa = PBXBuildFile; fileRef = D6EB867F211302F1007FAFB8 /* ViewController.m */; };
		D6EB8683211302F1007FAFB8 /* Main.storyboard in Resources */ = {isa = PBXBuildFile; fileRef = D6EB8681211302F1007FAFB8 /* Main.storyboard */; };
		D6EB8685211302F1007FAFB8 /* Assets.xcassets in Resources */ = {isa = PBXBuildFile; fileRef = D6EB8684211302F1007FAFB8 /* Assets.xcassets */; };
		D6EB8688211302F1007FAFB8 /* LaunchScreen.storyboard in Resources */ = {isa = PBXBuildFile; fileRef = D6EB8686211302F1007FAFB8 /* LaunchScreen.storyboard */; };
		D6EB868B211302F1007FAFB8 /* main.m in Sources */ = {isa = PBXBuildFile; fileRef = D6EB868A211302F1007FAFB8 /* main.m */; };
		D6EB869221130317007FAFB8 /* spaceship.png in Resources */ = {isa = PBXBuildFile; fileRef = D6EB869121130317007FAFB8 /* spaceship.png */; };
/* End PBXBuildFile section */

/* Begin PBXFileReference section */
		D6EB8678211302F0007FAFB8 /* LoadHighQualityImage.app */ = {isa = PBXFileReference; explicitFileType = wrapper.application; includeInIndex = 0; path = LoadHighQualityImage.app; sourceTree = BUILT_PRODUCTS_DIR; };
		D6EB867B211302F1007FAFB8 /* AppDelegate.h */ = {isa = PBXFileReference; lastKnownFileType = sourcecode.c.h; path = AppDelegate.h; sourceTree = "<group>"; };
		D6EB867C211302F1007FAFB8 /* AppDelegate.m */ = {isa = PBXFileReference; lastKnownFileType = sourcecode.c.objc; path = AppDelegate.m; sourceTree = "<group>"; };
		D6EB867E211302F1007FAFB8 /* ViewController.h */ = {isa = PBXFileReference; lastKnownFileType = sourcecode.c.h; path = ViewController.h; sourceTree = "<group>"; };
		D6EB867F211302F1007FAFB8 /* ViewController.m */ = {isa = PBXFileReference; lastKnownFileType = sourcecode.c.objc; path = ViewController.m; sourceTree = "<group>"; };
		D6EB8682211302F1007FAFB8 /* Base */ = {isa = PBXFileReference; lastKnownFileType = file.storyboard; name = Base; path = Base.lproj/Main.storyboard; sourceTree = "<group>"; };
		D6EB8684211302F1007FAFB8 /* Assets.xcassets */ = {isa = PBXFileReference; lastKnownFileType = folder.assetcatalog; path = Assets.xcassets; sourceTree = "<group>"; };
		D6EB8687211302F1007FAFB8 /* Base */ = {isa = PBXFileReference; lastKnownFileType = file.storyboard; name = Base; path = Base.lproj/LaunchScreen.storyboard; sourceTree = "<group>"; };
		D6EB8689211302F1007FAFB8 /* Info.plist */ = {isa = PBXFileReference; lastKnownFileType = text.plist.xml; path = Info.plist; sourceTree = "<group>"; };
		D6EB868A211302F1007FAFB8 /* main.m */ = {isa = PBXFileReference; lastKnownFileType = sourcecode.c.objc; path = main.m; sourceTree = "<group>"; };
		D6EB869121130317007FAFB8 /* spaceship.png */ = {isa = PBXFileReference; lastKnownFileType = image.png; path = spaceship.png; sourceTree = "<group>"; };
/* End PBXFileReference section */

/* Begin PBXFrameworksBuildPhase section */
		D6EB8675211302F0007FAFB8 /* Frameworks */ = {
			isa = PBXFrameworksBuildPhase;
			buildActionMask = 2147483647;
			files = (
			);
			runOnlyForDeploymentPostprocessing = 0;
		};
/* End PBXFrameworksBuildPhase section */

/* Begin PBXGroup section */
		D6EB866F211302F0007FAFB8 = {
			isa = PBXGroup;
			children = (
				D6EB867A211302F0007FAFB8 /* LoadHighQualityImage */,
				D6EB8679211302F0007FAFB8 /* Products */,
			);
			sourceTree = "<group>";
		};
		D6EB8679211302F0007FAFB8 /* Products */ = {
			isa = PBXGroup;
			children = (
				D6EB8678211302F0007FAFB8 /* LoadHighQualityImage.app */,
			);
			name = Products;
			sourceTree = "<group>";
		};
		D6EB867A211302F0007FAFB8 /* LoadHighQualityImage */ = {
			isa = PBXGroup;
			children = (
				D6EB867B211302F1007FAFB8 /* AppDelegate.h */,
				D6EB867C211302F1007FAFB8 /* AppDelegate.m */,
				D6EB867E211302F1007FAFB8 /* ViewController.h */,
				D6EB867F211302F1007FAFB8 /* ViewController.m */,
				D6EB869121130317007FAFB8 /* spaceship.png */,
				D6EB8681211302F1007FAFB8 /* Main.storyboard */,
				D6EB8684211302F1007FAFB8 /* Assets.xcassets */,
				D6EB8686211302F1007FAFB8 /* LaunchScreen.storyboard */,
				D6EB8689211302F1007FAFB8 /* Info.plist */,
				D6EB868A211302F1007FAFB8 /* main.m */,
			);
			path = LoadHighQualityImage;
			sourceTree = "<group>";
		};
/* End PBXGroup section */

/* Begin PBXNativeTarget section */
		D6EB8677211302F0007FAFB8 /* LoadHighQualityImage */ = {
			isa = PBXNativeTarget;
			buildConfigurationList = D6EB868E211302F1007FAFB8 /* Build configuration list for PBXNativeTarget "LoadHighQualityImage" */;
			buildPhases = (
				D6EB8674211302F0007FAFB8 /* Sources */,
				D6EB8675211302F0007FAFB8 /* Frameworks */,
				D6EB8676211302F0007FAFB8 /* Resources */,
			);
			buildRules = (
			);
			dependencies = (
			);
			name = LoadHighQualityImage;
			productName = LoadHighQualityImage;
			productReference = D6EB8678211302F0007FAFB8 /* LoadHighQualityImage.app */;
			productType = "com.apple.product-type.application";
		};
/* End PBXNativeTarget section */

/* Begin PBXProject section */
		D6EB8670211302F0007FAFB8 /* Project object */ = {
			isa = PBXProject;
			attributes = {
				LastUpgradeCheck = 0920;
				ORGANIZATIONNAME = lightning;
				TargetAttributes = {
					D6EB8677211302F0007FAFB8 = {
						CreatedOnToolsVersion = 9.2;
						ProvisioningStyle = Automatic;
					};
				};
			};
			buildConfigurationList = D6EB8673211302F0007FAFB8 /* Build configuration list for PBXProject "LoadHighQualityImage" */;
			compatibilityVersion = "Xcode 8.0";
			developmentRegion = en;
			hasScannedForEncodings = 0;
			knownRegions = (
				en,
				Base,
			);
			mainGroup = D6EB866F211302F0007FAFB8;
			productRefGroup = D6EB8679211302F0007FAFB8 /* Products */;
			projectDirPath = "";
			projectRoot = "";
			targets = (
				D6EB8677211302F0007FAFB8 /* LoadHighQualityImage */,
			);
		};
/* End PBXProject section */

/* Begin PBXResourcesBuildPhase section */
		D6EB8676211302F0007FAFB8 /* Resources */ = {
			isa = PBXResourcesBuildPhase;
			buildActionMask = 2147483647;
			files = (
				D6EB869221130317007FAFB8 /* spaceship.png in Resources */,
				D6EB8688211302F1007FAFB8 /* LaunchScreen.storyboard in Resources */,
				D6EB8685211302F1007FAFB8 /* Assets.xcassets in Resources */,
				D6EB8683211302F1007FAFB8 /* Main.storyboard in Resources */,
			);
			runOnlyForDeploymentPostprocessing = 0;
		};
/* End PBXResourcesBuildPhase section */

/* Begin PBXSourcesBuildPhase section */
		D6EB8674211302F0007FAFB8 /* Sources */ = {
			isa = PBXSourcesBuildPhase;
			buildActionMask = 2147483647;
			files = (
				D6EB8680211302F1007FAFB8 /* ViewController.m in Sources */,
				D6EB868B211302F1007FAFB8 /* main.m in Sources */,
				D6EB867D211302F1007FAFB8 /* AppDelegate.m in Sources */,
			);
			runOnlyForDeploymentPostprocessing = 0;
		};
/* End PBXSourcesBuildPhase section */

/* Begin PBXVariantGroup section */
		D6EB8681211302F1007FAFB8 /* Main.storyboard */ = {
			isa = PBXVariantGroup;
			children = (
				D6EB8682211302F1007FAFB8 /* Base */,
			);
			name = Main.storyboard;
			sourceTree = "<group>";
		};
		D6EB8686211302F1007FAFB8 /* LaunchScreen.storyboard */ = {
			isa = PBXVariantGroup;
			children = (
				D6EB8687211302F1007FAFB8 /* Base */,
			);
			name = LaunchScreen.storyboard;
			sourceTree = "<group>";
		};
/* End PBXVariantGroup section */

/* Begin XCBuildConfiguration section */
		D6EB868C211302F1007FAFB8 /* Debug */ = {
			isa = XCBuildConfiguration;
			buildSettings = {
				ALWAYS_SEARCH_USER_PATHS = NO;
				CLANG_ANALYZER_NONNULL = YES;
				CLANG_ANALYZER_NUMBER_OBJECT_CONVERSION = YES_AGGRESSIVE;
				CLANG_CXX_LANGUAGE_STANDARD = "gnu++14";
				CLANG_CXX_LIBRARY = "libc++";
				CLANG_ENABLE_MODULES = YES;
				CLANG_ENABLE_OBJC_ARC = YES;
				CLANG_WARN_BLOCK_CAPTURE_AUTORELEASING = YES;
				CLANG_WARN_BOOL_CONVERSION = YES;
				CLANG_WARN_COMMA = YES;
				CLANG_WARN_CONSTANT_CONVERSION = YES;
				CLANG_WARN_DIRECT_OBJC_ISA_USAGE = YES_ERROR;
				CLANG_WARN_DOCUMENTATION_COMMENTS = YES;
				CLANG_WARN_EMPTY_BODY = YES;
				CLANG_WARN_ENUM_CONVERSION = YES;
				CLANG_WARN_INFINITE_RECURSION = YES;
				CLANG_WARN_INT_CONVERSION = YES;
				CLANG_WARN_NON_LITERAL_NULL_CONVERSION = YES;
				CLANG_WARN_OBJC_LITERAL_CONVERSION = YES;
				CLANG_WARN_OBJC_ROOT_CLASS = YES_ERROR;
				CLANG_WARN_RANGE_LOOP_ANALYSIS = YES;
				CLANG_WARN_STRICT_PROTOTYPES = YES;
				CLANG_WARN_SUSPICIOUS_MOVE = YES;
				CLANG_WARN_UNGUARDED_AVAILABILITY = YES_AGGRESSIVE;
				CLANG_WARN_UNREACHABLE_CODE = YES;
				CLANG_WARN__DUPLICATE_METHOD_MATCH = YES;
				CODE_SIGN_IDENTITY = "iPhone Developer";
				COPY_PHASE_STRIP = NO;
				DEBUG_INFORMATION_FORMAT = dwarf;
				ENABLE_STRICT_OBJC_MSGSEND = YES;
				ENABLE_TESTABILITY = YES;
				GCC_C_LANGUAGE_STANDARD = gnu11;
				GCC_DYNAMIC_NO_PIC = NO;
				GCC_NO_COMMON_BLOCKS = YES;
				GCC_OPTIMIZATION_LEVEL = 0;
				GCC_PREPROCESSOR_DEFINITIONS = (
					"DEBUG=1",
					"$(inherited)",
				);
				GCC_WARN_64_TO_32_BIT_CONVERSION = YES;
				GCC_WARN_ABOUT_RETURN_TYPE = YES_ERROR;
				GCC_WARN_UNDECLARED_SELECTOR = YES;
				GCC_WARN_UNINITIALIZED_AUTOS = YES_AGGRESSIVE;
				GCC_WARN_UNUSED_FUNCTION = YES;
				GCC_WARN_UNUSED_VARIABLE = YES;
				IPHONEOS_DEPLOYMENT_TARGET = 11.2;
				MTL_ENABLE_DEBUG_INFO = YES;
				ONLY_ACTIVE_ARCH = YES;
				SDKROOT = iphoneos;
			};
			name = Debug;
		};
		D6EB868D211302F1007FAFB8 /* Release */ = {
			isa = XCBuildConfiguration;
			buildSettings = {
				ALWAYS_SEARCH_USER_PATHS = NO;
				CLANG_ANALYZER_NONNULL = YES;
				CLANG_ANALYZER_NUMBER_OBJECT_CONVERSION = YES_AGGRESSIVE;
				CLANG_CXX_LANGUAGE_STANDARD = "gnu++14";
				CLANG_CXX_LIBRARY = "libc++";
				CLANG_ENABLE_MODULES = YES;
				CLANG_ENABLE_OBJC_ARC = YES;
				CLANG_WARN_BLOCK_CAPTURE_AUTORELEASING = YES;
				CLANG_WARN_BOOL_CONVERSION = YES;
				CLANG_WARN_COMMA = YES;
				CLANG_WARN_CONSTANT_CONVERSION = YES;
				CLANG_WARN_DIRECT_OBJC_ISA_USAGE = YES_ERROR;
				CLANG_WARN_DOCUMENTATION_COMMENTS = YES;
				CLANG_WARN_EMPTY_BODY = YES;
				CLANG_WARN_ENUM_CONVERSION = YES;
				CLANG_WARN_INFINITE_RECURSION = YES;
				CLANG_WARN_INT_CONVERSION = YES;
				CLANG_WARN_NON_LITERAL_NULL_CONVERSION = YES;
				CLANG_WARN_OBJC_LITERAL_CONVERSION = YES;
				CLANG_WARN_OBJC_ROOT_CLASS = YES_ERROR;
				CLANG_WARN_RANGE_LOOP_ANALYSIS = YES;
				CLANG_WARN_STRICT_PROTOTYPES = YES;
				CLANG_WARN_SUSPICIOUS_MOVE = YES;
				CLANG_WARN_UNGUARDED_AVAILABILITY = YES_AGGRESSIVE;
				CLANG_WARN_UNREACHABLE_CODE = YES;
				CLANG_WARN__DUPLICATE_METHOD_MATCH = YES;
				CODE_SIGN_IDENTITY = "iPhone Developer";
				COPY_PHASE_STRIP = NO;
				DEBUG_INFORMATION_FORMAT = "dwarf-with-dsym";
				ENABLE_NS_ASSERTIONS = NO;
				ENABLE_STRICT_OBJC_MSGSEND = YES;
				GCC_C_LANGUAGE_STANDARD = gnu11;
				GCC_NO_COMMON_BLOCKS = YES;
				GCC_WARN_64_TO_32_BIT_CONVERSION = YES;
				GCC_WARN_ABOUT_RETURN_TYPE = YES_ERROR;
				GCC_WARN_UNDECLARED_SELECTOR = YES;
				GCC_WARN_UNINITIALIZED_AUTOS = YES_AGGRESSIVE;
				GCC_WARN_UNUSED_FUNCTION = YES;
				GCC_WARN_UNUSED_VARIABLE = YES;
				IPHONEOS_DEPLOYMENT_TARGET = 11.2;
				MTL_ENABLE_DEBUG_INFO = NO;
				SDKROOT = iphoneos;
				VALIDATE_PRODUCT = YES;
			};
			name = Release;
		};
		D6EB868F211302F1007FAFB8 /* Debug */ = {
			isa = XCBuildConfiguration;
			buildSettings = {
				ASSETCATALOG_COMPILER_APPICON_NAME = AppIcon;
				CODE_SIGN_STYLE = Automatic;
				DEVELOPMENT_TEAM = XXK6H9XJ6E;
				INFOPLIST_FILE = LoadHighQualityImage/Info.plist;
				LD_RUNPATH_SEARCH_PATHS = "$(inherited) @executable_path/Frameworks";
				PRODUCT_BUNDLE_IDENTIFIER = bianla.LoadHighQualityImage;
				PRODUCT_NAME = "$(TARGET_NAME)";
				TARGETED_DEVICE_FAMILY = "1,2";
			};
			name = Debug;
		};
		D6EB8690211302F1007FAFB8 /* Release */ = {
			isa = XCBuildConfiguration;
			buildSettings = {
				ASSETCATALOG_COMPILER_APPICON_NAME = AppIcon;
				CODE_SIGN_STYLE = Automatic;
				DEVELOPMENT_TEAM = XXK6H9XJ6E;
				INFOPLIST_FILE = LoadHighQualityImage/Info.plist;
				LD_RUNPATH_SEARCH_PATHS = "$(inherited) @executable_path/Frameworks";
				PRODUCT_BUNDLE_IDENTIFIER = bianla.LoadHighQualityImage;
				PRODUCT_NAME = "$(TARGET_NAME)";
				TARGETED_DEVICE_FAMILY = "1,2";
			};
			name = Release;
		};
/* End XCBuildConfiguration section */

/* Begin XCConfigurationList section */
		D6EB8673211302F0007FAFB8 /* Build configuration list for PBXProject "LoadHighQualityImage" */ = {
			isa = XCConfigurationList;
			buildConfigurations = (
				D6EB868C211302F1007FAFB8 /* Debug */,
				D6EB868D211302F1007FAFB8 /* Release */,
			);
			defaultConfigurationIsVisible = 0;
			defaultConfigurationName = Release;
		};
		D6EB868E211302F1007FAFB8 /* Build configuration list for PBXNativeTarget "LoadHighQualityImage" */ = {
			isa = XCConfigurationList;
			buildConfigurations = (
				D6EB868F211302F1007FAFB8 /* Debug */,
				D6EB8690211302F1007FAFB8 /* Release */,
			);
			defaultConfigurationIsVisible = 0;
			defaultConfigurationName = Release;
		};
/* End XCConfigurationList section */
	};
	rootObject = D6EB8670211302F0007FAFB8 /* Project object */;
}
